PODS:
  - ClickPay (6.1.22)
  - Flutter (1.0.0)
  - flutter_clickpay_bridge (2.1.1):
    - ClickPay (= 6.1.22)
    - Flutter

DEPENDENCIES:
  - Flutter (from `Flutter`)
  - flutter_clickpay_bridge (from `.symlinks/plugins/flutter_clickpay_bridge/ios`)

SPEC REPOS:
  trunk:
    - ClickPay

EXTERNAL SOURCES:
  Flutter:
    :path: Flutter
  flutter_clickpay_bridge:
    :path: ".symlinks/plugins/flutter_clickpay_bridge/ios"

SPEC CHECKSUMS:
  ClickPay: 2d5b36666a6c7da07645c659b925cf7e5fde15ee
  Flutter: f04841e97a9d0b0a8025694d0796dd46242b2854
  flutter_clickpay_bridge: adde3956d723de29d231ebb6178b7b495b8c25ab

PODFILE CHECKSUM: aafe91acc616949ddb318b77800a7f51bffa2a4c

COCOAPODS: 1.11.3
