PODS:
  - ClickPay (6.4.4)
  - Flutter (1.0.0)
  - flutter_clickpay_bridge (2.3.1):
    - ClickPay (= 6.4.4)
    - Flutter
  - path_provider_ios (0.0.1):
    - Flutter

DEPENDENCIES:
  - Flutter (from `Flutter`)
  - flutter_clickpay_bridge (from `.symlinks/plugins/flutter_clickpay_bridge/ios`)
  - path_provider_ios (from `.symlinks/plugins/path_provider_ios/ios`)

SPEC REPOS:
  https://github.com/CocoaPods/Specs.git:
    - ClickPay

EXTERNAL SOURCES:
  Flutter:
    :path: Flutter
  flutter_clickpay_bridge:
    :path: ".symlinks/plugins/flutter_clickpay_bridge/ios"
  path_provider_ios:
    :path: ".symlinks/plugins/path_provider_ios/ios"

SPEC CHECKSUMS:
  ClickPay: a35cdd9be2bcfd8b28cb28616a42c6dc888c5e2a
  Flutter: f04841e97a9d0b0a8025694d0796dd46242b2854
  flutter_clickpay_bridge: eb7c3d7ccfe4a27b5687fda9de31713a3a142210
  path_provider_ios: 14f3d2fd28c4fdb42f44e0f751d12861c43cee02

PODFILE CHECKSUM: e482557053b677ccb32d7b3058a3026574f38598

COCOAPODS: 1.12.1
